// !$*UTF8*$!
{
	archiveVersion = 1;
	classes = {
	};
	objectVersion = 46;
	objects = {

/* Begin PBXBuildFile section */
		A1D4196F1A25FD1900280D0A /* main.m in Sources */ = {isa = PBXBuildFile; fileRef = A1D4196E1A25FD1900280D0A /* main.m */; };
		A1D419721A25FD1900280D0A /* AppDelegate.m in Sources */ = {isa = PBXBuildFile; fileRef = A1D419711A25FD1900280D0A /* AppDelegate.m */; };
		A1D419781A25FD1900280D0A /* Main.storyboard in Resources */ = {isa = PBXBuildFile; fileRef = A1D419761A25FD1900280D0A /* Main.storyboard */; };
		A1D4197A1A25FD1900280D0A /* Images.xcassets in Resources */ = {isa = PBXBuildFile; fileRef = A1D419791A25FD1900280D0A /* Images.xcassets */; };
		A1D4197D1A25FD1900280D0A /* LaunchScreen.xib in Resources */ = {isa = PBXBuildFile; fileRef = A1D4197B1A25FD1900280D0A /* LaunchScreen.xib */; };
		A1D419891A25FD1900280D0A /* ESCDemoIOSTests.m in Sources */ = {isa = PBXBuildFile; fileRef = A1D419881A25FD1900280D0A /* ESCDemoIOSTests.m */; };
		A1D4FEDE1A276FA4001EF98C /* NSArray+ESC.m in Sources */ = {isa = PBXBuildFile; fileRef = A1D4FEA71A276FA4001EF98C /* NSArray+ESC.m */; };
		A1D4FEDF1A276FA4001EF98C /* NSData+ESC.m in Sources */ = {isa = PBXBuildFile; fileRef = A1D4FEA91A276FA4001EF98C /* NSData+ESC.m */; };
		A1D4FEE01A276FA4001EF98C /* NSDate+ESC.m in Sources */ = {isa = PBXBuildFile; fileRef = A1D4FEAB1A276FA4001EF98C /* NSDate+ESC.m */; };
		A1D4FEE11A276FA4001EF98C /* NSDictionary+ESC.m in Sources */ = {isa = PBXBuildFile; fileRef = A1D4FEAD1A276FA4001EF98C /* NSDictionary+ESC.m */; };
		A1D4FEE21A276FA4001EF98C /* NSObject+ESC.m in Sources */ = {isa = PBXBuildFile; fileRef = A1D4FEAF1A276FA4001EF98C /* NSObject+ESC.m */; };
		A1D4FEE31A276FA4001EF98C /* NSString+ESC.m in Sources */ = {isa = PBXBuildFile; fileRef = A1D4FEB11A276FA4001EF98C /* NSString+ESC.m */; };
		A1D4FEE41A276FA4001EF98C /* NSTimer+ESC.m in Sources */ = {isa = PBXBuildFile; fileRef = A1D4FEB31A276FA4001EF98C /* NSTimer+ESC.m */; };
		A1D4FEE51A276FA4001EF98C /* ESCArchiver.m in Sources */ = {isa = PBXBuildFile; fileRef = A1D4FEBB1A276FA4001EF98C /* ESCArchiver.m */; };
		A1D4FEE61A276FA4001EF98C /* ChangeLogUnzip in Resources */ = {isa = PBXBuildFile; fileRef = A1D4FEBD1A276FA4001EF98C /* ChangeLogUnzip */; };
		A1D4FEE71A276FA5001EF98C /* ioapi.c in Sources */ = {isa = PBXBuildFile; fileRef = A1D4FEBF1A276FA4001EF98C /* ioapi.c */; };
		A1D4FEE81A276FA5001EF98C /* mztools.c in Sources */ = {isa = PBXBuildFile; fileRef = A1D4FEC11A276FA4001EF98C /* mztools.c */; };
		A1D4FEE91A276FA5001EF98C /* unzip.c in Sources */ = {isa = PBXBuildFile; fileRef = A1D4FEC31A276FA4001EF98C /* unzip.c */; };
		A1D4FEEA1A276FA5001EF98C /* zip.c in Sources */ = {isa = PBXBuildFile; fileRef = A1D4FEC51A276FA4001EF98C /* zip.c */; };
		A1D4FEEB1A276FA5001EF98C /* ESCCoreData.m in Sources */ = {isa = PBXBuildFile; fileRef = A1D4FEC81A276FA4001EF98C /* ESCCoreData.m */; };
		A1D4FEEC1A276FA5001EF98C /* ESCCrypt.m in Sources */ = {isa = PBXBuildFile; fileRef = A1D4FECA1A276FA4001EF98C /* ESCCrypt.m */; };
		A1D4FEED1A276FA5001EF98C /* ESCPDFDocument.m in Sources */ = {isa = PBXBuildFile; fileRef = A1D4FECD1A276FA4001EF98C /* ESCPDFDocument.m */; };
		A1D4FEEE1A276FA5001EF98C /* ESCPersistenceCache.m in Sources */ = {isa = PBXBuildFile; fileRef = A1D4FECF1A276FA4001EF98C /* ESCPersistenceCache.m */; };
		A1D4FEEF1A276FA5001EF98C /* ESCRuntime.m in Sources */ = {isa = PBXBuildFile; fileRef = A1D4FED01A276FA4001EF98C /* ESCRuntime.m */; };
		A1D4FEF01A276FA5001EF98C /* UIView+ESC.m in Sources */ = {isa = PBXBuildFile; fileRef = A1D4FED41A276FA4001EF98C /* UIView+ESC.m */; };
		A1D4FEF11A276FA5001EF98C /* ESCPopover.m in Sources */ = {isa = PBXBuildFile; fileRef = A1D4FED81A276FA4001EF98C /* ESCPopover.m */; };
		A1D4FEF21A276FA5001EF98C /* __ESCToastView.m in Sources */ = {isa = PBXBuildFile; fileRef = A1D4FEDB1A276FA4001EF98C /* __ESCToastView.m */; };
		A1D4FEF41A276FCF001EF98C /* libsqlite3.0.dylib in Frameworks */ = {isa = PBXBuildFile; fileRef = A1D4FEF31A276FCF001EF98C /* libsqlite3.0.dylib */; };
		A1D4FEF61A276FD9001EF98C /* CoreData.framework in Frameworks */ = {isa = PBXBuildFile; fileRef = A1D4FEF51A276FD9001EF98C /* CoreData.framework */; };
/* End PBXBuildFile section */

/* Begin PBXContainerItemProxy section */
		A1D419831A25FD1900280D0A /* PBXContainerItemProxy */ = {
			isa = PBXContainerItemProxy;
			containerPortal = A1D419611A25FD1900280D0A /* Project object */;
			proxyType = 1;
			remoteGlobalIDString = A1D419681A25FD1900280D0A;
			remoteInfo = ESCDemoIOS;
		};
/* End PBXContainerItemProxy section */

/* Begin PBXFileReference section */
		A1D419691A25FD1900280D0A /* ESCDemoIOS.app */ = {isa = PBXFileReference; explicitFileType = wrapper.application; includeInIndex = 0; path = ESCDemoIOS.app; sourceTree = BUILT_PRODUCTS_DIR; };
		A1D4196D1A25FD1900280D0A /* Info.plist */ = {isa = PBXFileReference; lastKnownFileType = text.plist.xml; path = Info.plist; sourceTree = "<group>"; };
		A1D4196E1A25FD1900280D0A /* main.m */ = {isa = PBXFileReference; lastKnownFileType = sourcecode.c.objc; path = main.m; sourceTree = "<group>"; };
		A1D419701A25FD1900280D0A /* AppDelegate.h */ = {isa = PBXFileReference; lastKnownFileType = sourcecode.c.h; path = AppDelegate.h; sourceTree = "<group>"; };
		A1D419711A25FD1900280D0A /* AppDelegate.m */ = {isa = PBXFileReference; lastKnownFileType = sourcecode.c.objc; path = AppDelegate.m; sourceTree = "<group>"; };
		A1D419731A25FD1900280D0A /* ViewController.h */ = {isa = PBXFileReference; lastKnownFileType = sourcecode.c.h; path = ViewController.h; sourceTree = "<group>"; };
		A1D419741A25FD1900280D0A /* ViewController.m */ = {isa = PBXFileReference; lastKnownFileType = sourcecode.c.objc; path = ViewController.m; sourceTree = "<group>"; };
		A1D419771A25FD1900280D0A /* Base */ = {isa = PBXFileReference; lastKnownFileType = file.storyboard; name = Base; path = Base.lproj/Main.storyboard; sourceTree = "<group>"; };
		A1D419791A25FD1900280D0A /* Images.xcassets */ = {isa = PBXFileReference; lastKnownFileType = folder.assetcatalog; path = Images.xcassets; sourceTree = "<group>"; };
		A1D4197C1A25FD1900280D0A /* Base */ = {isa = PBXFileReference; lastKnownFileType = file.xib; name = Base; path = Base.lproj/LaunchScreen.xib; sourceTree = "<group>"; };
		A1D419821A25FD1900280D0A /* ESCDemoIOSTests.xctest */ = {isa = PBXFileReference; explicitFileType = wrapper.cfbundle; includeInIndex = 0; path = ESCDemoIOSTests.xctest; sourceTree = BUILT_PRODUCTS_DIR; };
		A1D419871A25FD1900280D0A /* Info.plist */ = {isa = PBXFileReference; lastKnownFileType = text.plist.xml; path = Info.plist; sourceTree = "<group>"; };
		A1D419881A25FD1900280D0A /* ESCDemoIOSTests.m */ = {isa = PBXFileReference; lastKnownFileType = sourcecode.c.objc; path = ESCDemoIOSTests.m; sourceTree = "<group>"; };
		A1D4FEA61A276FA4001EF98C /* NSArray+ESC.h */ = {isa = PBXFileReference; fileEncoding = 4; lastKnownFileType = sourcecode.c.h; path = "NSArray+ESC.h"; sourceTree = "<group>"; };
		A1D4FEA71A276FA4001EF98C /* NSArray+ESC.m */ = {isa = PBXFileReference; fileEncoding = 4; lastKnownFileType = sourcecode.c.objc; path = "NSArray+ESC.m"; sourceTree = "<group>"; };
		A1D4FEA81A276FA4001EF98C /* NSData+ESC.h */ = {isa = PBXFileReference; fileEncoding = 4; lastKnownFileType = sourcecode.c.h; path = "NSData+ESC.h"; sourceTree = "<group>"; };
		A1D4FEA91A276FA4001EF98C /* NSData+ESC.m */ = {isa = PBXFileReference; fileEncoding = 4; lastKnownFileType = sourcecode.c.objc; path = "NSData+ESC.m"; sourceTree = "<group>"; };
		A1D4FEAA1A276FA4001EF98C /* NSDate+ESC.h */ = {isa = PBXFileReference; fileEncoding = 4; lastKnownFileType = sourcecode.c.h; path = "NSDate+ESC.h"; sourceTree = "<group>"; };
		A1D4FEAB1A276FA4001EF98C /* NSDate+ESC.m */ = {isa = PBXFileReference; fileEncoding = 4; lastKnownFileType = sourcecode.c.objc; path = "NSDate+ESC.m"; sourceTree = "<group>"; };
		A1D4FEAC1A276FA4001EF98C /* NSDictionary+ESC.h */ = {isa = PBXFileReference; fileEncoding = 4; lastKnownFileType = sourcecode.c.h; path = "NSDictionary+ESC.h"; sourceTree = "<group>"; };
		A1D4FEAD1A276FA4001EF98C /* NSDictionary+ESC.m */ = {isa = PBXFileReference; fileEncoding = 4; lastKnownFileType = sourcecode.c.objc; path = "NSDictionary+ESC.m"; sourceTree = "<group>"; };
		A1D4FEAE1A276FA4001EF98C /* NSObject+ESC.h */ = {isa = PBXFileReference; fileEncoding = 4; lastKnownFileType = sourcecode.c.h; path = "NSObject+ESC.h"; sourceTree = "<group>"; };
		A1D4FEAF1A276FA4001EF98C /* NSObject+ESC.m */ = {isa = PBXFileReference; fileEncoding = 4; lastKnownFileType = sourcecode.c.objc; path = "NSObject+ESC.m"; sourceTree = "<group>"; };
		A1D4FEB01A276FA4001EF98C /* NSString+ESC.h */ = {isa = PBXFileReference; fileEncoding = 4; lastKnownFileType = sourcecode.c.h; path = "NSString+ESC.h"; sourceTree = "<group>"; };
		A1D4FEB11A276FA4001EF98C /* NSString+ESC.m */ = {isa = PBXFileReference; fileEncoding = 4; lastKnownFileType = sourcecode.c.objc; path = "NSString+ESC.m"; sourceTree = "<group>"; };
		A1D4FEB21A276FA4001EF98C /* NSTimer+ESC.h */ = {isa = PBXFileReference; fileEncoding = 4; lastKnownFileType = sourcecode.c.h; path = "NSTimer+ESC.h"; sourceTree = "<group>"; };
		A1D4FEB31A276FA4001EF98C /* NSTimer+ESC.m */ = {isa = PBXFileReference; fileEncoding = 4; lastKnownFileType = sourcecode.c.objc; path = "NSTimer+ESC.m"; sourceTree = "<group>"; };
		A1D4FEB41A276FA4001EF98C /* Foundation+ESC.h */ = {isa = PBXFileReference; fileEncoding = 4; lastKnownFileType = sourcecode.c.h; path = "Foundation+ESC.h"; sourceTree = "<group>"; };
		A1D4FEB51A276FA4001EF98C /* Foundation+Utils.h */ = {isa = PBXFileReference; fileEncoding = 4; lastKnownFileType = sourcecode.c.h; path = "Foundation+Utils.h"; sourceTree = "<group>"; };
		A1D4FEBA1A276FA4001EF98C /* ESCArchiver.h */ = {isa = PBXFileReference; fileEncoding = 4; lastKnownFileType = sourcecode.c.h; path = ESCArchiver.h; sourceTree = "<group>"; };
		A1D4FEBB1A276FA4001EF98C /* ESCArchiver.m */ = {isa = PBXFileReference; fileEncoding = 4; lastKnownFileType = sourcecode.c.objc; path = ESCArchiver.m; sourceTree = "<group>"; };
		A1D4FEBD1A276FA4001EF98C /* ChangeLogUnzip */ = {isa = PBXFileReference; fileEncoding = 4; lastKnownFileType = text; path = ChangeLogUnzip; sourceTree = "<group>"; };
		A1D4FEBE1A276FA4001EF98C /* crypt.h */ = {isa = PBXFileReference; fileEncoding = 4; lastKnownFileType = sourcecode.c.h; path = crypt.h; sourceTree = "<group>"; };
		A1D4FEBF1A276FA4001EF98C /* ioapi.c */ = {isa = PBXFileReference; fileEncoding = 4; lastKnownFileType = sourcecode.c.c; path = ioapi.c; sourceTree = "<group>"; };
		A1D4FEC01A276FA4001EF98C /* ioapi.h */ = {isa = PBXFileReference; fileEncoding = 4; lastKnownFileType = sourcecode.c.h; path = ioapi.h; sourceTree = "<group>"; };
		A1D4FEC11A276FA4001EF98C /* mztools.c */ = {isa = PBXFileReference; fileEncoding = 4; lastKnownFileType = sourcecode.c.c; path = mztools.c; sourceTree = "<group>"; };
		A1D4FEC21A276FA4001EF98C /* mztools.h */ = {isa = PBXFileReference; fileEncoding = 4; lastKnownFileType = sourcecode.c.h; path = mztools.h; sourceTree = "<group>"; };
		A1D4FEC31A276FA4001EF98C /* unzip.c */ = {isa = PBXFileReference; fileEncoding = 4; lastKnownFileType = sourcecode.c.c; path = unzip.c; sourceTree = "<group>"; };
		A1D4FEC41A276FA4001EF98C /* unzip.h */ = {isa = PBXFileReference; fileEncoding = 4; lastKnownFileType = sourcecode.c.h; path = unzip.h; sourceTree = "<group>"; };
		A1D4FEC51A276FA4001EF98C /* zip.c */ = {isa = PBXFileReference; fileEncoding = 4; lastKnownFileType = sourcecode.c.c; path = zip.c; sourceTree = "<group>"; };
		A1D4FEC61A276FA4001EF98C /* zip.h */ = {isa = PBXFileReference; fileEncoding = 4; lastKnownFileType = sourcecode.c.h; path = zip.h; sourceTree = "<group>"; };
		A1D4FEC71A276FA4001EF98C /* ESCCoreData.h */ = {isa = PBXFileReference; fileEncoding = 4; lastKnownFileType = sourcecode.c.h; path = ESCCoreData.h; sourceTree = "<group>"; };
		A1D4FEC81A276FA4001EF98C /* ESCCoreData.m */ = {isa = PBXFileReference; fileEncoding = 4; lastKnownFileType = sourcecode.c.objc; path = ESCCoreData.m; sourceTree = "<group>"; };
		A1D4FEC91A276FA4001EF98C /* ESCCrypt.h */ = {isa = PBXFileReference; fileEncoding = 4; lastKnownFileType = sourcecode.c.h; path = ESCCrypt.h; sourceTree = "<group>"; };
		A1D4FECA1A276FA4001EF98C /* ESCCrypt.m */ = {isa = PBXFileReference; fileEncoding = 4; lastKnownFileType = sourcecode.c.objc; path = ESCCrypt.m; sourceTree = "<group>"; };
		A1D4FECC1A276FA4001EF98C /* ESCPDFDocument.h */ = {isa = PBXFileReference; fileEncoding = 4; lastKnownFileType = sourcecode.c.h; path = ESCPDFDocument.h; sourceTree = "<group>"; };
		A1D4FECD1A276FA4001EF98C /* ESCPDFDocument.m */ = {isa = PBXFileReference; fileEncoding = 4; lastKnownFileType = sourcecode.c.objc; path = ESCPDFDocument.m; sourceTree = "<group>"; };
		A1D4FECE1A276FA4001EF98C /* ESCPersistenceCache.h */ = {isa = PBXFileReference; fileEncoding = 4; lastKnownFileType = sourcecode.c.h; path = ESCPersistenceCache.h; sourceTree = "<group>"; };
		A1D4FECF1A276FA4001EF98C /* ESCPersistenceCache.m */ = {isa = PBXFileReference; fileEncoding = 4; lastKnownFileType = sourcecode.c.objc; path = ESCPersistenceCache.m; sourceTree = "<group>"; };
		A1D4FED01A276FA4001EF98C /* ESCRuntime.m */ = {isa = PBXFileReference; fileEncoding = 4; lastKnownFileType = sourcecode.c.objc; path = ESCRuntime.m; sourceTree = "<group>"; };
		A1D4FED31A276FA4001EF98C /* UIView+ESC.h */ = {isa = PBXFileReference; fileEncoding = 4; lastKnownFileType = sourcecode.c.h; path = "UIView+ESC.h"; sourceTree = "<group>"; };
		A1D4FED41A276FA4001EF98C /* UIView+ESC.m */ = {isa = PBXFileReference; fileEncoding = 4; lastKnownFileType = sourcecode.c.objc; path = "UIView+ESC.m"; sourceTree = "<group>"; };
		A1D4FED71A276FA4001EF98C /* ESCPopover.h */ = {isa = PBXFileReference; fileEncoding = 4; lastKnownFileType = sourcecode.c.h; path = ESCPopover.h; sourceTree = "<group>"; };
		A1D4FED81A276FA4001EF98C /* ESCPopover.m */ = {isa = PBXFileReference; fileEncoding = 4; lastKnownFileType = sourcecode.c.objc; path = ESCPopover.m; sourceTree = "<group>"; };
		A1D4FEDA1A276FA4001EF98C /* __ESCToastView.h */ = {isa = PBXFileReference; fileEncoding = 4; lastKnownFileType = sourcecode.c.h; path = __ESCToastView.h; sourceTree = "<group>"; };
		A1D4FEDB1A276FA4001EF98C /* __ESCToastView.m */ = {isa = PBXFileReference; fileEncoding = 4; lastKnownFileType = sourcecode.c.objc; path = __ESCToastView.m; sourceTree = "<group>"; };
		A1D4FEDD1A276FA4001EF98C /* UIView+ESC_Private.h */ = {isa = PBXFileReference; fileEncoding = 4; lastKnownFileType = sourcecode.c.h; path = "UIView+ESC_Private.h"; sourceTree = "<group>"; };
		A1D4FEF31A276FCF001EF98C /* libsqlite3.0.dylib */ = {isa = PBXFileReference; lastKnownFileType = "compiled.mach-o.dylib"; name = libsqlite3.0.dylib; path = usr/lib/libsqlite3.0.dylib; sourceTree = SDKROOT; };
		A1D4FEF51A276FD9001EF98C /* CoreData.framework */ = {isa = PBXFileReference; lastKnownFileType = wrapper.framework; name = CoreData.framework; path = System/Library/Frameworks/CoreData.framework; sourceTree = SDKROOT; };
/* End PBXFileReference section */

/* Begin PBXFrameworksBuildPhase section */
		A1D419661A25FD1900280D0A /* Frameworks */ = {
			isa = PBXFrameworksBuildPhase;
			buildActionMask = 2147483647;
			files = (
				A1D4FEF61A276FD9001EF98C /* CoreData.framework in Frameworks */,
				A1D4FEF41A276FCF001EF98C /* libsqlite3.0.dylib in Frameworks */,
			);
			runOnlyForDeploymentPostprocessing = 0;
		};
		A1D4197F1A25FD1900280D0A /* Frameworks */ = {
			isa = PBXFrameworksBuildPhase;
			buildActionMask = 2147483647;
			files = (
			);
			runOnlyForDeploymentPostprocessing = 0;
		};
/* End PBXFrameworksBuildPhase section */

/* Begin PBXGroup section */
		A1D419601A25FD1900280D0A = {
			isa = PBXGroup;
			children = (
				A1D4FEF51A276FD9001EF98C /* CoreData.framework */,
				A1D4FEF31A276FCF001EF98C /* libsqlite3.0.dylib */,
				A1D6940B1A2617CA008D027D /* ESCDevelopTool */,
				A1D4196B1A25FD1900280D0A /* ESCDemoIOS */,
				A1D419851A25FD1900280D0A /* ESCDemoIOSTests */,
				A1D4196A1A25FD1900280D0A /* Products */,
			);
			sourceTree = "<group>";
		};
		A1D4196A1A25FD1900280D0A /* Products */ = {
			isa = PBXGroup;
			children = (
				A1D419691A25FD1900280D0A /* ESCDemoIOS.app */,
				A1D419821A25FD1900280D0A /* ESCDemoIOSTests.xctest */,
			);
			name = Products;
			sourceTree = "<group>";
		};
		A1D4196B1A25FD1900280D0A /* ESCDemoIOS */ = {
			isa = PBXGroup;
			children = (
				A1D419701A25FD1900280D0A /* AppDelegate.h */,
				A1D419711A25FD1900280D0A /* AppDelegate.m */,
				A1D419731A25FD1900280D0A /* ViewController.h */,
				A1D419741A25FD1900280D0A /* ViewController.m */,
				A1D419761A25FD1900280D0A /* Main.storyboard */,
				A1D419791A25FD1900280D0A /* Images.xcassets */,
				A1D4197B1A25FD1900280D0A /* LaunchScreen.xib */,
				A1D4196C1A25FD1900280D0A /* Supporting Files */,
			);
			path = ESCDemoIOS;
			sourceTree = "<group>";
		};
		A1D4196C1A25FD1900280D0A /* Supporting Files */ = {
			isa = PBXGroup;
			children = (
				A1D4196D1A25FD1900280D0A /* Info.plist */,
				A1D4196E1A25FD1900280D0A /* main.m */,
			);
			name = "Supporting Files";
			sourceTree = "<group>";
		};
		A1D419851A25FD1900280D0A /* ESCDemoIOSTests */ = {
			isa = PBXGroup;
			children = (
				A1D419881A25FD1900280D0A /* ESCDemoIOSTests.m */,
				A1D419861A25FD1900280D0A /* Supporting Files */,
			);
			path = ESCDemoIOSTests;
			sourceTree = "<group>";
		};
		A1D419861A25FD1900280D0A /* Supporting Files */ = {
			isa = PBXGroup;
			children = (
				A1D419871A25FD1900280D0A /* Info.plist */,
			);
			name = "Supporting Files";
			sourceTree = "<group>";
		};
		A1D4FEA41A276FA4001EF98C /* Foundation */ = {
			isa = PBXGroup;
			children = (
				A1D4FEA51A276FA4001EF98C /* Category */,
				A1D4FEB41A276FA4001EF98C /* Foundation+ESC.h */,
				A1D4FEB51A276FA4001EF98C /* Foundation+Utils.h */,
				A1D4FEB61A276FA4001EF98C /* Header */,
				A1D4FEB71A276FA4001EF98C /* PrivateHeader */,
				A1D4FEB81A276FA4001EF98C /* Utils */,
			);
			path = Foundation;
			sourceTree = "<group>";
		};
		A1D4FEA51A276FA4001EF98C /* Category */ = {
			isa = PBXGroup;
			children = (
				A1D4FEA61A276FA4001EF98C /* NSArray+ESC.h */,
				A1D4FEA71A276FA4001EF98C /* NSArray+ESC.m */,
				A1D4FEA81A276FA4001EF98C /* NSData+ESC.h */,
				A1D4FEA91A276FA4001EF98C /* NSData+ESC.m */,
				A1D4FEAA1A276FA4001EF98C /* NSDate+ESC.h */,
				A1D4FEAB1A276FA4001EF98C /* NSDate+ESC.m */,
				A1D4FEAC1A276FA4001EF98C /* NSDictionary+ESC.h */,
				A1D4FEAD1A276FA4001EF98C /* NSDictionary+ESC.m */,
				A1D4FEAE1A276FA4001EF98C /* NSObject+ESC.h */,
				A1D4FEAF1A276FA4001EF98C /* NSObject+ESC.m */,
				A1D4FEB01A276FA4001EF98C /* NSString+ESC.h */,
				A1D4FEB11A276FA4001EF98C /* NSString+ESC.m */,
				A1D4FEB21A276FA4001EF98C /* NSTimer+ESC.h */,
				A1D4FEB31A276FA4001EF98C /* NSTimer+ESC.m */,
			);
			path = Category;
			sourceTree = "<group>";
		};
		A1D4FEB61A276FA4001EF98C /* Header */ = {
			isa = PBXGroup;
			children = (
			);
			path = Header;
			sourceTree = "<group>";
		};
		A1D4FEB71A276FA4001EF98C /* PrivateHeader */ = {
			isa = PBXGroup;
			children = (
			);
			path = PrivateHeader;
			sourceTree = "<group>";
		};
		A1D4FEB81A276FA4001EF98C /* Utils */ = {
			isa = PBXGroup;
			children = (
				A1D4FEB91A276FA4001EF98C /* ESCArchiver */,
				A1D4FEC71A276FA4001EF98C /* ESCCoreData.h */,
				A1D4FEC81A276FA4001EF98C /* ESCCoreData.m */,
				A1D4FEC91A276FA4001EF98C /* ESCCrypt.h */,
				A1D4FECA1A276FA4001EF98C /* ESCCrypt.m */,
				A1D4FECB1A276FA4001EF98C /* ESCPDFDocument */,
				A1D4FECE1A276FA4001EF98C /* ESCPersistenceCache.h */,
				A1D4FECF1A276FA4001EF98C /* ESCPersistenceCache.m */,
				A1D4FED01A276FA4001EF98C /* ESCRuntime.m */,
			);
			path = Utils;
			sourceTree = "<group>";
		};
		A1D4FEB91A276FA4001EF98C /* ESCArchiver */ = {
			isa = PBXGroup;
			children = (
				A1D4FEBA1A276FA4001EF98C /* ESCArchiver.h */,
				A1D4FEBB1A276FA4001EF98C /* ESCArchiver.m */,
				A1D4FEBC1A276FA4001EF98C /* minizip */,
			);
			path = ESCArchiver;
			sourceTree = "<group>";
		};
		A1D4FEBC1A276FA4001EF98C /* minizip */ = {
			isa = PBXGroup;
			children = (
				A1D4FEBD1A276FA4001EF98C /* ChangeLogUnzip */,
				A1D4FEBE1A276FA4001EF98C /* crypt.h */,
				A1D4FEBF1A276FA4001EF98C /* ioapi.c */,
				A1D4FEC01A276FA4001EF98C /* ioapi.h */,
				A1D4FEC11A276FA4001EF98C /* mztools.c */,
				A1D4FEC21A276FA4001EF98C /* mztools.h */,
				A1D4FEC31A276FA4001EF98C /* unzip.c */,
				A1D4FEC41A276FA4001EF98C /* unzip.h */,
				A1D4FEC51A276FA4001EF98C /* zip.c */,
				A1D4FEC61A276FA4001EF98C /* zip.h */,
			);
			path = minizip;
			sourceTree = "<group>";
		};
		A1D4FECB1A276FA4001EF98C /* ESCPDFDocument */ = {
			isa = PBXGroup;
			children = (
				A1D4FECC1A276FA4001EF98C /* ESCPDFDocument.h */,
				A1D4FECD1A276FA4001EF98C /* ESCPDFDocument.m */,
			);
			path = ESCPDFDocument;
			sourceTree = "<group>";
		};
		A1D4FED11A276FA4001EF98C /* UIKit */ = {
			isa = PBXGroup;
			children = (
				A1D4FED21A276FA4001EF98C /* Category */,
				A1D4FED51A276FA4001EF98C /* Header */,
				A1D4FED61A276FA4001EF98C /* Module */,
				A1D4FEDC1A276FA4001EF98C /* PrivateHeader */,
			);
			path = UIKit;
			sourceTree = "<group>";
		};
		A1D4FED21A276FA4001EF98C /* Category */ = {
			isa = PBXGroup;
			children = (
				A1D4FED31A276FA4001EF98C /* UIView+ESC.h */,
				A1D4FED41A276FA4001EF98C /* UIView+ESC.m */,
			);
			path = Category;
			sourceTree = "<group>";
		};
		A1D4FED51A276FA4001EF98C /* Header */ = {
			isa = PBXGroup;
			children = (
			);
			path = Header;
			sourceTree = "<group>";
		};
		A1D4FED61A276FA4001EF98C /* Module */ = {
			isa = PBXGroup;
			children = (
				A1D4FED71A276FA4001EF98C /* ESCPopover.h */,
				A1D4FED81A276FA4001EF98C /* ESCPopover.m */,
				A1D4FED91A276FA4001EF98C /* Private */,
			);
			path = Module;
			sourceTree = "<group>";
		};
		A1D4FED91A276FA4001EF98C /* Private */ = {
			isa = PBXGroup;
			children = (
				A1D4FEDA1A276FA4001EF98C /* __ESCToastView.h */,
				A1D4FEDB1A276FA4001EF98C /* __ESCToastView.m */,
			);
			path = Private;
			sourceTree = "<group>";
		};
		A1D4FEDC1A276FA4001EF98C /* PrivateHeader */ = {
			isa = PBXGroup;
			children = (
				A1D4FEDD1A276FA4001EF98C /* UIView+ESC_Private.h */,
			);
			path = PrivateHeader;
			sourceTree = "<group>";
		};
		A1D6940B1A2617CA008D027D /* ESCDevelopTool */ = {
			isa = PBXGroup;
			children = (
				A1D4FEA41A276FA4001EF98C /* Foundation */,
				A1D4FED11A276FA4001EF98C /* UIKit */,
			);
			name = ESCDevelopTool;
			path = ../ESCDevelopTool;
			sourceTree = "<group>";
		};
/* End PBXGroup section */

/* Begin PBXNativeTarget section */
		A1D419681A25FD1900280D0A /* ESCDemoIOS */ = {
			isa = PBXNativeTarget;
			buildConfigurationList = A1D4198C1A25FD1900280D0A /* Build configuration list for PBXNativeTarget "ESCDemoIOS" */;
			buildPhases = (
				A1D419651A25FD1900280D0A /* Sources */,
				A1D419661A25FD1900280D0A /* Frameworks */,
				A1D419671A25FD1900280D0A /* Resources */,
			);
			buildRules = (
			);
			dependencies = (
			);
			name = ESCDemoIOS;
			productName = ESCDemoIOS;
			productReference = A1D419691A25FD1900280D0A /* ESCDemoIOS.app */;
			productType = "com.apple.product-type.application";
		};
		A1D419811A25FD1900280D0A /* ESCDemoIOSTests */ = {
			isa = PBXNativeTarget;
			buildConfigurationList = A1D4198F1A25FD1900280D0A /* Build configuration list for PBXNativeTarget "ESCDemoIOSTests" */;
			buildPhases = (
				A1D4197E1A25FD1900280D0A /* Sources */,
				A1D4197F1A25FD1900280D0A /* Frameworks */,
				A1D419801A25FD1900280D0A /* Resources */,
			);
			buildRules = (
			);
			dependencies = (
				A1D419841A25FD1900280D0A /* PBXTargetDependency */,
			);
			name = ESCDemoIOSTests;
			productName = ESCDemoIOSTests;
			productReference = A1D419821A25FD1900280D0A /* ESCDemoIOSTests.xctest */;
			productType = "com.apple.product-type.bundle.unit-test";
		};
/* End PBXNativeTarget section */

/* Begin PBXProject section */
		A1D419611A25FD1900280D0A /* Project object */ = {
			isa = PBXProject;
			attributes = {
				LastUpgradeCheck = 0600;
				ORGANIZATIONNAME = Littocats;
				TargetAttributes = {
					A1D419681A25FD1900280D0A = {
						CreatedOnToolsVersion = 6.0.1;
					};
					A1D419811A25FD1900280D0A = {
						CreatedOnToolsVersion = 6.0.1;
						TestTargetID = A1D419681A25FD1900280D0A;
					};
				};
			};
			buildConfigurationList = A1D419641A25FD1900280D0A /* Build configuration list for PBXProject "ESCDemoIOS" */;
			compatibilityVersion = "Xcode 3.2";
			developmentRegion = English;
			hasScannedForEncodings = 0;
			knownRegions = (
				en,
				Base,
			);
			mainGroup = A1D419601A25FD1900280D0A;
			productRefGroup = A1D4196A1A25FD1900280D0A /* Products */;
			projectDirPath = "";
			projectRoot = "";
			targets = (
				A1D419681A25FD1900280D0A /* ESCDemoIOS */,
				A1D419811A25FD1900280D0A /* ESCDemoIOSTests */,
			);
		};
/* End PBXProject section */

/* Begin PBXResourcesBuildPhase section */
		A1D419671A25FD1900280D0A /* Resources */ = {
			isa = PBXResourcesBuildPhase;
			buildActionMask = 2147483647;
			files = (
				A1D4FEE61A276FA4001EF98C /* ChangeLogUnzip in Resources */,
				A1D419781A25FD1900280D0A /* Main.storyboard in Resources */,
				A1D4197D1A25FD1900280D0A /* LaunchScreen.xib in Resources */,
				A1D4197A1A25FD1900280D0A /* Images.xcassets in Resources */,
			);
			runOnlyForDeploymentPostprocessing = 0;
		};
		A1D419801A25FD1900280D0A /* Resources */ = {
			isa = PBXResourcesBuildPhase;
			buildActionMask = 2147483647;
			files = (
			);
			runOnlyForDeploymentPostprocessing = 0;
		};
/* End PBXResourcesBuildPhase section */

/* Begin PBXSourcesBuildPhase section */
		A1D419651A25FD1900280D0A /* Sources */ = {
			isa = PBXSourcesBuildPhase;
			buildActionMask = 2147483647;
			files = (
				A1D4FEDF1A276FA4001EF98C /* NSData+ESC.m in Sources */,
				A1D4FEEB1A276FA5001EF98C /* ESCCoreData.m in Sources */,
				A1D4FEF01A276FA5001EF98C /* UIView+ESC.m in Sources */,
				A1D4FEEC1A276FA5001EF98C /* ESCCrypt.m in Sources */,
				A1D4FEED1A276FA5001EF98C /* ESCPDFDocument.m in Sources */,
				A1D4FEE41A276FA4001EF98C /* NSTimer+ESC.m in Sources */,
				A1D4FEE81A276FA5001EF98C /* mztools.c in Sources */,
				A1D4FEE01A276FA4001EF98C /* NSDate+ESC.m in Sources */,
				A1D4FEE91A276FA5001EF98C /* unzip.c in Sources */,
				A1D4FEEE1A276FA5001EF98C /* ESCPersistenceCache.m in Sources */,
				A1D4FEE51A276FA4001EF98C /* ESCArchiver.m in Sources */,
				A1D4FEDE1A276FA4001EF98C /* NSArray+ESC.m in Sources */,
				A1D4FEF11A276FA5001EF98C /* ESCPopover.m in Sources */,
				A1D4FEE21A276FA4001EF98C /* NSObject+ESC.m in Sources */,
				A1D4FEF21A276FA5001EF98C /* __ESCToastView.m in Sources */,
				A1D419721A25FD1900280D0A /* AppDelegate.m in Sources */,
				A1D4FEEF1A276FA5001EF98C /* ESCRuntime.m in Sources */,
				A1D4FEE11A276FA4001EF98C /* NSDictionary+ESC.m in Sources */,
				A1D4FEE71A276FA5001EF98C /* ioapi.c in Sources */,
				A1D4FEEA1A276FA5001EF98C /* zip.c in Sources */,
				A1D4196F1A25FD1900280D0A /* main.m in Sources */,
				A1D4FEE31A276FA4001EF98C /* NSString+ESC.m in Sources */,
			);
			runOnlyForDeploymentPostprocessing = 0;
		};
		A1D4197E1A25FD1900280D0A /* Sources */ = {
			isa = PBXSourcesBuildPhase;
			buildActionMask = 2147483647;
			files = (
				A1D419891A25FD1900280D0A /* ESCDemoIOSTests.m in Sources */,
			);
			runOnlyForDeploymentPostprocessing = 0;
		};
/* End PBXSourcesBuildPhase section */

/* Begin PBXTargetDependency section */
		A1D419841A25FD1900280D0A /* PBXTargetDependency */ = {
			isa = PBXTargetDependency;
			target = A1D419681A25FD1900280D0A /* ESCDemoIOS */;
			targetProxy = A1D419831A25FD1900280D0A /* PBXContainerItemProxy */;
		};
/* End PBXTargetDependency section */

/* Begin PBXVariantGroup section */
		A1D419761A25FD1900280D0A /* Main.storyboard */ = {
			isa = PBXVariantGroup;
			children = (
				A1D419771A25FD1900280D0A /* Base */,
			);
			name = Main.storyboard;
			sourceTree = "<group>";
		};
		A1D4197B1A25FD1900280D0A /* LaunchScreen.xib */ = {
			isa = PBXVariantGroup;
			children = (
				A1D4197C1A25FD1900280D0A /* Base */,
			);
			name = LaunchScreen.xib;
			sourceTree = "<group>";
		};
/* End PBXVariantGroup section */

/* Begin XCBuildConfiguration section */
		A1D4198A1A25FD1900280D0A /* Debug */ = {
			isa = XCBuildConfiguration;
			buildSettings = {
				ALWAYS_SEARCH_USER_PATHS = NO;
				CLANG_CXX_LANGUAGE_STANDARD = "gnu++0x";
				CLANG_CXX_LIBRARY = "libc++";
				CLANG_ENABLE_MODULES = YES;
				CLANG_ENABLE_OBJC_ARC = YES;
				CLANG_WARN_BOOL_CONVERSION = YES;
				CLANG_WARN_CONSTANT_CONVERSION = YES;
				CLANG_WARN_DIRECT_OBJC_ISA_USAGE = YES_ERROR;
				CLANG_WARN_EMPTY_BODY = YES;
				CLANG_WARN_ENUM_CONVERSION = YES;
				CLANG_WARN_INT_CONVERSION = YES;
				CLANG_WARN_OBJC_ROOT_CLASS = YES_ERROR;
				CLANG_WARN_UNREACHABLE_CODE = YES;
				CLANG_WARN__DUPLICATE_METHOD_MATCH = YES;
				"CODE_SIGN_IDENTITY[sdk=iphoneos*]" = "iPhone Developer";
				COPY_PHASE_STRIP = NO;
				ENABLE_STRICT_OBJC_MSGSEND = YES;
				GCC_C_LANGUAGE_STANDARD = gnu99;
				GCC_DYNAMIC_NO_PIC = NO;
				GCC_OPTIMIZATION_LEVEL = 0;
				GCC_PREPROCESSOR_DEFINITIONS = (
					"DEBUG=1",
					"$(inherited)",
				);
				GCC_SYMBOLS_PRIVATE_EXTERN = NO;
				GCC_WARN_64_TO_32_BIT_CONVERSION = YES;
				GCC_WARN_ABOUT_RETURN_TYPE = YES_ERROR;
				GCC_WARN_UNDECLARED_SELECTOR = YES;
				GCC_WARN_UNINITIALIZED_AUTOS = YES_AGGRESSIVE;
				GCC_WARN_UNUSED_FUNCTION = YES;
				GCC_WARN_UNUSED_VARIABLE = YES;
				IPHONEOS_DEPLOYMENT_TARGET = 8.0;
				MTL_ENABLE_DEBUG_INFO = YES;
				ONLY_ACTIVE_ARCH = YES;
				SDKROOT = iphoneos;
				TARGETED_DEVICE_FAMILY = "1,2";
			};
			name = Debug;
		};
		A1D4198B1A25FD1900280D0A /* Release */ = {
			isa = XCBuildConfiguration;
			buildSettings = {
				ALWAYS_SEARCH_USER_PATHS = NO;
				CLANG_CXX_LANGUAGE_STANDARD = "gnu++0x";
				CLANG_CXX_LIBRARY = "libc++";
				CLANG_ENABLE_MODULES = YES;
				CLANG_ENABLE_OBJC_ARC = YES;
				CLANG_WARN_BOOL_CONVERSION = YES;
				CLANG_WARN_CONSTANT_CONVERSION = YES;
				CLANG_WARN_DIRECT_OBJC_ISA_USAGE = YES_ERROR;
				CLANG_WARN_EMPTY_BODY = YES;
				CLANG_WARN_ENUM_CONVERSION = YES;
				CLANG_WARN_INT_CONVERSION = YES;
				CLANG_WARN_OBJC_ROOT_CLASS = YES_ERROR;
				CLANG_WARN_UNREACHABLE_CODE = YES;
				CLANG_WARN__DUPLICATE_METHOD_MATCH = YES;
				"CODE_SIGN_IDENTITY[sdk=iphoneos*]" = "iPhone Developer";
				COPY_PHASE_STRIP = YES;
				ENABLE_NS_ASSERTIONS = NO;
				ENABLE_STRICT_OBJC_MSGSEND = YES;
				GCC_C_LANGUAGE_STANDARD = gnu99;
				GCC_WARN_64_TO_32_BIT_CONVERSION = YES;
				GCC_WARN_ABOUT_RETURN_TYPE = YES_ERROR;
				GCC_WARN_UNDECLARED_SELECTOR = YES;
				GCC_WARN_UNINITIALIZED_AUTOS = YES_AGGRESSIVE;
				GCC_WARN_UNUSED_FUNCTION = YES;
				GCC_WARN_UNUSED_VARIABLE = YES;
				IPHONEOS_DEPLOYMENT_TARGET = 8.0;
				MTL_ENABLE_DEBUG_INFO = NO;
				SDKROOT = iphoneos;
				TARGETED_DEVICE_FAMILY = "1,2";
				VALIDATE_PRODUCT = YES;
			};
			name = Release;
		};
		A1D4198D1A25FD1900280D0A /* Debug */ = {
			isa = XCBuildConfiguration;
			buildSettings = {
				ASSETCATALOG_COMPILER_APPICON_NAME = AppIcon;
				INFOPLIST_FILE = ESCDemoIOS/Info.plist;
				LD_RUNPATH_SEARCH_PATHS = "$(inherited) @executable_path/Frameworks";
				PRODUCT_NAME = "$(TARGET_NAME)";
			};
			name = Debug;
		};
		A1D4198E1A25FD1900280D0A /* Release */ = {
			isa = XCBuildConfiguration;
			buildSettings = {
				ASSETCATALOG_COMPILER_APPICON_NAME = AppIcon;
				INFOPLIST_FILE = ESCDemoIOS/Info.plist;
				LD_RUNPATH_SEARCH_PATHS = "$(inherited) @executable_path/Frameworks";
				PRODUCT_NAME = "$(TARGET_NAME)";
			};
			name = Release;
		};
		A1D419901A25FD1900280D0A /* Debug */ = {
			isa = XCBuildConfiguration;
			buildSettings = {
				BUNDLE_LOADER = "$(TEST_HOST)";
				FRAMEWORK_SEARCH_PATHS = (
					"$(SDKROOT)/Developer/Library/Frameworks",
					"$(inherited)",
				);
				GCC_PREPROCESSOR_DEFINITIONS = (
					"DEBUG=1",
					"$(inherited)",
				);
				INFOPLIST_FILE = ESCDemoIOSTests/Info.plist;
				LD_RUNPATH_SEARCH_PATHS = "$(inherited) @executable_path/Frameworks @loader_path/Frameworks";
				PRODUCT_NAME = "$(TARGET_NAME)";
				TEST_HOST = "$(BUILT_PRODUCTS_DIR)/ESCDemoIOS.app/ESCDemoIOS";
			};
			name = Debug;
		};
		A1D419911A25FD1900280D0A /* Release */ = {
			isa = XCBuildConfiguration;
			buildSettings = {
				BUNDLE_LOADER = "$(TEST_HOST)";
				FRAMEWORK_SEARCH_PATHS = (
					"$(SDKROOT)/Developer/Library/Frameworks",
					"$(inherited)",
				);
				INFOPLIST_FILE = ESCDemoIOSTests/Info.plist;
				LD_RUNPATH_SEARCH_PATHS = "$(inherited) @executable_path/Frameworks @loader_path/Frameworks";
				PRODUCT_NAME = "$(TARGET_NAME)";
				TEST_HOST = "$(BUILT_PRODUCTS_DIR)/ESCDemoIOS.app/ESCDemoIOS";
			};
			name = Release;
		};
/* End XCBuildConfiguration section */

/* Begin XCConfigurationList section */
		A1D419641A25FD1900280D0A /* Build configuration list for PBXProject "ESCDemoIOS" */ = {
			isa = XCConfigurationList;
			buildConfigurations = (
				A1D4198A1A25FD1900280D0A /* Debug */,
				A1D4198B1A25FD1900280D0A /* Release */,
			);
			defaultConfigurationIsVisible = 0;
			defaultConfigurationName = Release;
		};
		A1D4198C1A25FD1900280D0A /* Build configuration list for PBXNativeTarget "ESCDemoIOS" */ = {
			isa = XCConfigurationList;
			buildConfigurations = (
				A1D4198D1A25FD1900280D0A /* Debug */,
				A1D4198E1A25FD1900280D0A /* Release */,
			);
			defaultConfigurationIsVisible = 0;
			defaultConfigurationName = Release;
		};
		A1D4198F1A25FD1900280D0A /* Build configuration list for PBXNativeTarget "ESCDemoIOSTests" */ = {
			isa = XCConfigurationList;
			buildConfigurations = (
				A1D419901A25FD1900280D0A /* Debug */,
				A1D419911A25FD1900280D0A /* Release */,
			);
			defaultConfigurationIsVisible = 0;
			defaultConfigurationName = Release;
		};
/* End XCConfigurationList section */
	};
	rootObject = A1D419611A25FD1900280D0A /* Project object */;
}
